// !$*UTF8*$!
{
	archiveVersion = 1;
	classes = {
	};
	objectVersion = 56;
	objects = {

/* Begin PBXBuildFile section */
		467926502B893601001B8C38 /* ArithmeticApp.swift in Sources */ = {isa = PBXBuildFile; fileRef = 4679264F2B893601001B8C38 /* ArithmeticApp.swift */; };
		467926542B893603001B8C38 /* Assets.xcassets in Resources */ = {isa = PBXBuildFile; fileRef = 467926532B893603001B8C38 /* Assets.xcassets */; };
		467926572B893603001B8C38 /* Preview Assets.xcassets in Resources */ = {isa = PBXBuildFile; fileRef = 467926562B893603001B8C38 /* Preview Assets.xcassets */; };
		4679266B2B893603001B8C38 /* ArithmeticUITests.swift in Sources */ = {isa = PBXBuildFile; fileRef = 4679266A2B893603001B8C38 /* ArithmeticUITests.swift */; };
		4679266D2B893603001B8C38 /* ArithmeticUITestsLaunchTests.swift in Sources */ = {isa = PBXBuildFile; fileRef = 4679266C2B893603001B8C38 /* ArithmeticUITestsLaunchTests.swift */; };
		4679267E2B893F95001B8C38 /* MultipleChoice.swift in Sources */ = {isa = PBXBuildFile; fileRef = 4679267D2B893F95001B8C38 /* MultipleChoice.swift */; };
		467926802B893FA2001B8C38 /* UserInput.swift in Sources */ = {isa = PBXBuildFile; fileRef = 4679267F2B893FA2001B8C38 /* UserInput.swift */; };
		467926822B8AACE4001B8C38 /* UserMenu.swift in Sources */ = {isa = PBXBuildFile; fileRef = 467926812B8AACE4001B8C38 /* UserMenu.swift */; };
		467926882B8B112E001B8C38 /* ArithmeticTests.swift in Sources */ = {isa = PBXBuildFile; fileRef = 467926602B893603001B8C38 /* ArithmeticTests.swift */; };
/* End PBXBuildFile section */

/* Begin PBXContainerItemProxy section */
		4679265D2B893603001B8C38 /* PBXContainerItemProxy */ = {
			isa = PBXContainerItemProxy;
			containerPortal = 467926442B893601001B8C38 /* Project object */;
			proxyType = 1;
			remoteGlobalIDString = 4679264B2B893601001B8C38;
			remoteInfo = Arithmetic;
		};
		467926672B893603001B8C38 /* PBXContainerItemProxy */ = {
			isa = PBXContainerItemProxy;
			containerPortal = 467926442B893601001B8C38 /* Project object */;
			proxyType = 1;
			remoteGlobalIDString = 4679264B2B893601001B8C38;
			remoteInfo = Arithmetic;
		};
/* End PBXContainerItemProxy section */

/* Begin PBXFileReference section */
		4679264C2B893601001B8C38 /* Arithmetic.app */ = {isa = PBXFileReference; explicitFileType = wrapper.application; includeInIndex = 0; path = Arithmetic.app; sourceTree = BUILT_PRODUCTS_DIR; };
		4679264F2B893601001B8C38 /* ArithmeticApp.swift */ = {isa = PBXFileReference; lastKnownFileType = sourcecode.swift; path = ArithmeticApp.swift; sourceTree = "<group>"; };
		467926532B893603001B8C38 /* Assets.xcassets */ = {isa = PBXFileReference; lastKnownFileType = folder.assetcatalog; path = Assets.xcassets; sourceTree = "<group>"; };
		467926562B893603001B8C38 /* Preview Assets.xcassets */ = {isa = PBXFileReference; lastKnownFileType = folder.assetcatalog; path = "Preview Assets.xcassets"; sourceTree = "<group>"; };
		4679265C2B893603001B8C38 /* ArithmeticTests.xctest */ = {isa = PBXFileReference; explicitFileType = wrapper.cfbundle; includeInIndex = 0; path = ArithmeticTests.xctest; sourceTree = BUILT_PRODUCTS_DIR; };
		467926602B893603001B8C38 /* ArithmeticTests.swift */ = {isa = PBXFileReference; lastKnownFileType = sourcecode.swift; path = ArithmeticTests.swift; sourceTree = "<group>"; };
		467926662B893603001B8C38 /* ArithmeticUITests.xctest */ = {isa = PBXFileReference; explicitFileType = wrapper.cfbundle; includeInIndex = 0; path = ArithmeticUITests.xctest; sourceTree = BUILT_PRODUCTS_DIR; };
		4679266A2B893603001B8C38 /* ArithmeticUITests.swift */ = {isa = PBXFileReference; lastKnownFileType = sourcecode.swift; path = ArithmeticUITests.swift; sourceTree = "<group>"; };
		4679266C2B893603001B8C38 /* ArithmeticUITestsLaunchTests.swift */ = {isa = PBXFileReference; lastKnownFileType = sourcecode.swift; path = ArithmeticUITestsLaunchTests.swift; sourceTree = "<group>"; };
		4679267D2B893F95001B8C38 /* MultipleChoice.swift */ = {isa = PBXFileReference; lastKnownFileType = sourcecode.swift; path = MultipleChoice.swift; sourceTree = "<group>"; };
		4679267F2B893FA2001B8C38 /* UserInput.swift */ = {isa = PBXFileReference; lastKnownFileType = sourcecode.swift; path = UserInput.swift; sourceTree = "<group>"; };
		467926812B8AACE4001B8C38 /* UserMenu.swift */ = {isa = PBXFileReference; lastKnownFileType = sourcecode.swift; path = UserMenu.swift; sourceTree = "<group>"; };
/* End PBXFileReference section */

/* Begin PBXFrameworksBuildPhase section */
		467926492B893601001B8C38 /* Frameworks */ = {
			isa = PBXFrameworksBuildPhase;
			buildActionMask = 2147483647;
			files = (
			);
			runOnlyForDeploymentPostprocessing = 0;
		};
		467926592B893603001B8C38 /* Frameworks */ = {
			isa = PBXFrameworksBuildPhase;
			buildActionMask = 2147483647;
			files = (
			);
			runOnlyForDeploymentPostprocessing = 0;
		};
		467926632B893603001B8C38 /* Frameworks */ = {
			isa = PBXFrameworksBuildPhase;
			buildActionMask = 2147483647;
			files = (
			);
			runOnlyForDeploymentPostprocessing = 0;
		};
/* End PBXFrameworksBuildPhase section */

/* Begin PBXGroup section */
		467926432B893601001B8C38 = {
			isa = PBXGroup;
			children = (
				4679264E2B893601001B8C38 /* Arithmetic */,
				4679265F2B893603001B8C38 /* ArithmeticTests */,
				467926692B893603001B8C38 /* ArithmeticUITests */,
				4679264D2B893601001B8C38 /* Products */,
			);
			sourceTree = "<group>";
		};
		4679264D2B893601001B8C38 /* Products */ = {
			isa = PBXGroup;
			children = (
				4679264C2B893601001B8C38 /* Arithmetic.app */,
				4679265C2B893603001B8C38 /* ArithmeticTests.xctest */,
				467926662B893603001B8C38 /* ArithmeticUITests.xctest */,
			);
			name = Products;
			sourceTree = "<group>";
		};
		4679264E2B893601001B8C38 /* Arithmetic */ = {
			isa = PBXGroup;
			children = (
				4679264F2B893601001B8C38 /* ArithmeticApp.swift */,
				467926812B8AACE4001B8C38 /* UserMenu.swift */,
				4679267D2B893F95001B8C38 /* MultipleChoice.swift */,
				4679267F2B893FA2001B8C38 /* UserInput.swift */,
				467926532B893603001B8C38 /* Assets.xcassets */,
				467926552B893603001B8C38 /* Preview Content */,
			);
			path = Arithmetic;
			sourceTree = "<group>";
		};
		467926552B893603001B8C38 /* Preview Content */ = {
			isa = PBXGroup;
			children = (
				467926562B893603001B8C38 /* Preview Assets.xcassets */,
			);
			path = "Preview Content";
			sourceTree = "<group>";
		};
		4679265F2B893603001B8C38 /* ArithmeticTests */ = {
			isa = PBXGroup;
			children = (
				467926602B893603001B8C38 /* ArithmeticTests.swift */,
			);
			path = ArithmeticTests;
			sourceTree = "<group>";
		};
		467926692B893603001B8C38 /* ArithmeticUITests */ = {
			isa = PBXGroup;
			children = (
				4679266A2B893603001B8C38 /* ArithmeticUITests.swift */,
				4679266C2B893603001B8C38 /* ArithmeticUITestsLaunchTests.swift */,
			);
			path = ArithmeticUITests;
			sourceTree = "<group>";
		};
/* End PBXGroup section */

/* Begin PBXNativeTarget section */
		4679264B2B893601001B8C38 /* Arithmetic */ = {
			isa = PBXNativeTarget;
			buildConfigurationList = 467926702B893603001B8C38 /* Build configuration list for PBXNativeTarget "Arithmetic" */;
			buildPhases = (
				467926482B893601001B8C38 /* Sources */,
				467926492B893601001B8C38 /* Frameworks */,
				4679264A2B893601001B8C38 /* Resources */,
			);
			buildRules = (
			);
			dependencies = (
			);
			name = Arithmetic;
			productName = Arithmetic;
			productReference = 4679264C2B893601001B8C38 /* Arithmetic.app */;
			productType = "com.apple.product-type.application";
		};
		4679265B2B893603001B8C38 /* ArithmeticTests */ = {
			isa = PBXNativeTarget;
			buildConfigurationList = 467926732B893603001B8C38 /* Build configuration list for PBXNativeTarget "ArithmeticTests" */;
			buildPhases = (
				467926582B893603001B8C38 /* Sources */,
				467926592B893603001B8C38 /* Frameworks */,
				4679265A2B893603001B8C38 /* Resources */,
			);
			buildRules = (
			);
			dependencies = (
				4679265E2B893603001B8C38 /* PBXTargetDependency */,
			);
			name = ArithmeticTests;
			productName = ArithmeticTests;
			productReference = 4679265C2B893603001B8C38 /* ArithmeticTests.xctest */;
			productType = "com.apple.product-type.bundle.unit-test";
		};
		467926652B893603001B8C38 /* ArithmeticUITests */ = {
			isa = PBXNativeTarget;
			buildConfigurationList = 467926762B893603001B8C38 /* Build configuration list for PBXNativeTarget "ArithmeticUITests" */;
			buildPhases = (
				467926622B893603001B8C38 /* Sources */,
				467926632B893603001B8C38 /* Frameworks */,
				467926642B893603001B8C38 /* Resources */,
			);
			buildRules = (
			);
			dependencies = (
				467926682B893603001B8C38 /* PBXTargetDependency */,
			);
			name = ArithmeticUITests;
			productName = ArithmeticUITests;
			productReference = 467926662B893603001B8C38 /* ArithmeticUITests.xctest */;
			productType = "com.apple.product-type.bundle.ui-testing";
		};
/* End PBXNativeTarget section */

/* Begin PBXProject section */
		467926442B893601001B8C38 /* Project object */ = {
			isa = PBXProject;
			attributes = {
				BuildIndependentTargetsInParallel = 1;
				LastSwiftUpdateCheck = 1520;
				LastUpgradeCheck = 1520;
				TargetAttributes = {
					4679264B2B893601001B8C38 = {
						CreatedOnToolsVersion = 15.2;
					};
					4679265B2B893603001B8C38 = {
						CreatedOnToolsVersion = 15.2;
						TestTargetID = 4679264B2B893601001B8C38;
					};
					467926652B893603001B8C38 = {
						CreatedOnToolsVersion = 15.2;
						TestTargetID = 4679264B2B893601001B8C38;
					};
				};
			};
			buildConfigurationList = 467926472B893601001B8C38 /* Build configuration list for PBXProject "Arithmetic" */;
			compatibilityVersion = "Xcode 14.0";
			developmentRegion = en;
			hasScannedForEncodings = 0;
			knownRegions = (
				en,
				Base,
			);
			mainGroup = 467926432B893601001B8C38;
			productRefGroup = 4679264D2B893601001B8C38 /* Products */;
			projectDirPath = "";
			projectRoot = "";
			targets = (
				4679264B2B893601001B8C38 /* Arithmetic */,
				4679265B2B893603001B8C38 /* ArithmeticTests */,
				467926652B893603001B8C38 /* ArithmeticUITests */,
			);
		};
/* End PBXProject section */

/* Begin PBXResourcesBuildPhase section */
		4679264A2B893601001B8C38 /* Resources */ = {
			isa = PBXResourcesBuildPhase;
			buildActionMask = 2147483647;
			files = (
				467926572B893603001B8C38 /* Preview Assets.xcassets in Resources */,
				467926542B893603001B8C38 /* Assets.xcassets in Resources */,
			);
			runOnlyForDeploymentPostprocessing = 0;
		};
		4679265A2B893603001B8C38 /* Resources */ = {
			isa = PBXResourcesBuildPhase;
			buildActionMask = 2147483647;
			files = (
			);
			runOnlyForDeploymentPostprocessing = 0;
		};
		467926642B893603001B8C38 /* Resources */ = {
			isa = PBXResourcesBuildPhase;
			buildActionMask = 2147483647;
			files = (
			);
			runOnlyForDeploymentPostprocessing = 0;
		};
/* End PBXResourcesBuildPhase section */

/* Begin PBXSourcesBuildPhase section */
		467926482B893601001B8C38 /* Sources */ = {
			isa = PBXSourcesBuildPhase;
			buildActionMask = 2147483647;
			files = (
				467926802B893FA2001B8C38 /* UserInput.swift in Sources */,
				467926822B8AACE4001B8C38 /* UserMenu.swift in Sources */,
				467926502B893601001B8C38 /* ArithmeticApp.swift in Sources */,
				4679267E2B893F95001B8C38 /* MultipleChoice.swift in Sources */,
			);
			runOnlyForDeploymentPostprocessing = 0;
		};
		467926582B893603001B8C38 /* Sources */ = {
			isa = PBXSourcesBuildPhase;
			buildActionMask = 2147483647;
			files = (
			);
			runOnlyForDeploymentPostprocessing = 0;
		};
		467926622B893603001B8C38 /* Sources */ = {
			isa = PBXSourcesBuildPhase;
			buildActionMask = 2147483647;
			files = (
				4679266D2B893603001B8C38 /* ArithmeticUITestsLaunchTests.swift in Sources */,
				467926882B8B112E001B8C38 /* ArithmeticTests.swift in Sources */,
				4679266B2B893603001B8C38 /* ArithmeticUITests.swift in Sources */,
			);
			runOnlyForDeploymentPostprocessing = 0;
		};
/* End PBXSourcesBuildPhase section */

/* Begin PBXTargetDependency section */
		4679265E2B893603001B8C38 /* PBXTargetDependency */ = {
			isa = PBXTargetDependency;
			target = 4679264B2B893601001B8C38 /* Arithmetic */;
			targetProxy = 4679265D2B893603001B8C38 /* PBXContainerItemProxy */;
		};
		467926682B893603001B8C38 /* PBXTargetDependency */ = {
			isa = PBXTargetDependency;
			target = 4679264B2B893601001B8C38 /* Arithmetic */;
			targetProxy = 467926672B893603001B8C38 /* PBXContainerItemProxy */;
		};
/* End PBXTargetDependency section */

/* Begin XCBuildConfiguration section */
		4679266E2B893603001B8C38 /* Debug */ = {
			isa = XCBuildConfiguration;
			buildSettings = {
				ALWAYS_SEARCH_USER_PATHS = NO;
				ASSETCATALOG_COMPILER_GENERATE_SWIFT_ASSET_SYMBOL_EXTENSIONS = YES;
				CLANG_ANALYZER_NONNULL = YES;
				CLANG_ANALYZER_NUMBER_OBJECT_CONVERSION = YES_AGGRESSIVE;
				CLANG_CXX_LANGUAGE_STANDARD = "gnu++20";
				CLANG_ENABLE_MODULES = YES;
				CLANG_ENABLE_OBJC_ARC = YES;
				CLANG_ENABLE_OBJC_WEAK = YES;
				CLANG_WARN_BLOCK_CAPTURE_AUTORELEASING = YES;
				CLANG_WARN_BOOL_CONVERSION = YES;
				CLANG_WARN_COMMA = YES;
				CLANG_WARN_CONSTANT_CONVERSION = YES;
				CLANG_WARN_DEPRECATED_OBJC_IMPLEMENTATIONS = YES;
				CLANG_WARN_DIRECT_OBJC_ISA_USAGE = YES_ERROR;
				CLANG_WARN_DOCUMENTATION_COMMENTS = YES;
				CLANG_WARN_EMPTY_BODY = YES;
				CLANG_WARN_ENUM_CONVERSION = YES;
				CLANG_WARN_INFINITE_RECURSION = YES;
				CLANG_WARN_INT_CONVERSION = YES;
				CLANG_WARN_NON_LITERAL_NULL_CONVERSION = YES;
				CLANG_WARN_OBJC_IMPLICIT_RETAIN_SELF = YES;
				CLANG_WARN_OBJC_LITERAL_CONVERSION = YES;
				CLANG_WARN_OBJC_ROOT_CLASS = YES_ERROR;
				CLANG_WARN_QUOTED_INCLUDE_IN_FRAMEWORK_HEADER = YES;
				CLANG_WARN_RANGE_LOOP_ANALYSIS = YES;
				CLANG_WARN_STRICT_PROTOTYPES = YES;
				CLANG_WARN_SUSPICIOUS_MOVE = YES;
				CLANG_WARN_UNGUARDED_AVAILABILITY = YES_AGGRESSIVE;
				CLANG_WARN_UNREACHABLE_CODE = YES;
				CLANG_WARN__DUPLICATE_METHOD_MATCH = YES;
				COPY_PHASE_STRIP = NO;
				DEBUG_INFORMATION_FORMAT = dwarf;
				ENABLE_STRICT_OBJC_MSGSEND = YES;
				ENABLE_TESTABILITY = YES;
				ENABLE_USER_SCRIPT_SANDBOXING = YES;
				GCC_C_LANGUAGE_STANDARD = gnu17;
				GCC_DYNAMIC_NO_PIC = NO;
				GCC_NO_COMMON_BLOCKS = YES;
				GCC_OPTIMIZATION_LEVEL = 0;
				GCC_PREPROCESSOR_DEFINITIONS = (
					"DEBUG=1",
					"$(inherited)",
				);
				GCC_WARN_64_TO_32_BIT_CONVERSION = YES;
				GCC_WARN_ABOUT_RETURN_TYPE = YES_ERROR;
				GCC_WARN_UNDECLARED_SELECTOR = YES;
				GCC_WARN_UNINITIALIZED_AUTOS = YES_AGGRESSIVE;
				GCC_WARN_UNUSED_FUNCTION = YES;
				GCC_WARN_UNUSED_VARIABLE = YES;
				IPHONEOS_DEPLOYMENT_TARGET = 17.2;
				LOCALIZATION_PREFERS_STRING_CATALOGS = YES;
				MTL_ENABLE_DEBUG_INFO = INCLUDE_SOURCE;
				MTL_FAST_MATH = YES;
				ONLY_ACTIVE_ARCH = YES;
				SDKROOT = iphoneos;
				SWIFT_ACTIVE_COMPILATION_CONDITIONS = "DEBUG $(inherited)";
				SWIFT_OPTIMIZATION_LEVEL = "-Onone";
			};
			name = Debug;
		};
		4679266F2B893603001B8C38 /* Release */ = {
			isa = XCBuildConfiguration;
			buildSettings = {
				ALWAYS_SEARCH_USER_PATHS = NO;
				ASSETCATALOG_COMPILER_GENERATE_SWIFT_ASSET_SYMBOL_EXTENSIONS = YES;
				CLANG_ANALYZER_NONNULL = YES;
				CLANG_ANALYZER_NUMBER_OBJECT_CONVERSION = YES_AGGRESSIVE;
				CLANG_CXX_LANGUAGE_STANDARD = "gnu++20";
				CLANG_ENABLE_MODULES = YES;
				CLANG_ENABLE_OBJC_ARC = YES;
				CLANG_ENABLE_OBJC_WEAK = YES;
				CLANG_WARN_BLOCK_CAPTURE_AUTORELEASING = YES;
				CLANG_WARN_BOOL_CONVERSION = YES;
				CLANG_WARN_COMMA = YES;
				CLANG_WARN_CONSTANT_CONVERSION = YES;
				CLANG_WARN_DEPRECATED_OBJC_IMPLEMENTATIONS = YES;
				CLANG_WARN_DIRECT_OBJC_ISA_USAGE = YES_ERROR;
				CLANG_WARN_DOCUMENTATION_COMMENTS = YES;
				CLANG_WARN_EMPTY_BODY = YES;
				CLANG_WARN_ENUM_CONVERSION = YES;
				CLANG_WARN_INFINITE_RECURSION = YES;
				CLANG_WARN_INT_CONVERSION = YES;
				CLANG_WARN_NON_LITERAL_NULL_CONVERSION = YES;
				CLANG_WARN_OBJC_IMPLICIT_RETAIN_SELF = YES;
				CLANG_WARN_OBJC_LITERAL_CONVERSION = YES;
				CLANG_WARN_OBJC_ROOT_CLASS = YES_ERROR;
				CLANG_WARN_QUOTED_INCLUDE_IN_FRAMEWORK_HEADER = YES;
				CLANG_WARN_RANGE_LOOP_ANALYSIS = YES;
				CLANG_WARN_STRICT_PROTOTYPES = YES;
				CLANG_WARN_SUSPICIOUS_MOVE = YES;
				CLANG_WARN_UNGUARDED_AVAILABILITY = YES_AGGRESSIVE;
				CLANG_WARN_UNREACHABLE_CODE = YES;
				CLANG_WARN__DUPLICATE_METHOD_MATCH = YES;
				COPY_PHASE_STRIP = NO;
				DEBUG_INFORMATION_FORMAT = "dwarf-with-dsym";
				ENABLE_NS_ASSERTIONS = NO;
				ENABLE_STRICT_OBJC_MSGSEND = YES;
				ENABLE_USER_SCRIPT_SANDBOXING = YES;
				GCC_C_LANGUAGE_STANDARD = gnu17;
				GCC_NO_COMMON_BLOCKS = YES;
				GCC_WARN_64_TO_32_BIT_CONVERSION = YES;
				GCC_WARN_ABOUT_RETURN_TYPE = YES_ERROR;
				GCC_WARN_UNDECLARED_SELECTOR = YES;
				GCC_WARN_UNINITIALIZED_AUTOS = YES_AGGRESSIVE;
				GCC_WARN_UNUSED_FUNCTION = YES;
				GCC_WARN_UNUSED_VARIABLE = YES;
				IPHONEOS_DEPLOYMENT_TARGET = 17.2;
				LOCALIZATION_PREFERS_STRING_CATALOGS = YES;
				MTL_ENABLE_DEBUG_INFO = NO;
				MTL_FAST_MATH = YES;
				SDKROOT = iphoneos;
				SWIFT_COMPILATION_MODE = wholemodule;
				VALIDATE_PRODUCT = YES;
			};
			name = Release;
		};
		467926712B893603001B8C38 /* Debug */ = {
			isa = XCBuildConfiguration;
			buildSettings = {
				ASSETCATALOG_COMPILER_APPICON_NAME = AppIcon;
				ASSETCATALOG_COMPILER_GLOBAL_ACCENT_COLOR_NAME = AccentColor;
				CODE_SIGN_STYLE = Automatic;
				CURRENT_PROJECT_VERSION = 1;
				DEVELOPMENT_ASSET_PATHS = "\"Arithmetic/Preview Content\"";
				DEVELOPMENT_TEAM = 9QKL2L5T4G;
				ENABLE_PREVIEWS = YES;
				GENERATE_INFOPLIST_FILE = YES;
				INFOPLIST_KEY_UIApplicationSceneManifest_Generation = YES;
				INFOPLIST_KEY_UIApplicationSupportsIndirectInputEvents = YES;
				INFOPLIST_KEY_UILaunchScreen_Generation = YES;
				INFOPLIST_KEY_UISupportedInterfaceOrientations_iPad = "UIInterfaceOrientationPortrait UIInterfaceOrientationPortraitUpsideDown UIInterfaceOrientationLandscapeLeft UIInterfaceOrientationLandscapeRight";
				INFOPLIST_KEY_UISupportedInterfaceOrientations_iPhone = "UIInterfaceOrientationPortrait UIInterfaceOrientationLandscapeLeft UIInterfaceOrientationLandscapeRight";
				LD_RUNPATH_SEARCH_PATHS = (
					"$(inherited)",
					"@executable_path/Frameworks",
				);
				MARKETING_VERSION = 1.0;
				PRODUCT_BUNDLE_IDENTIFIER = com.ayush.mathgame;
				PRODUCT_NAME = "$(TARGET_NAME)";
				SWIFT_EMIT_LOC_STRINGS = YES;
				SWIFT_VERSION = 5.0;
				TARGETED_DEVICE_FAMILY = "1,2";
			};
			name = Debug;
		};
		467926722B893603001B8C38 /* Release */ = {
			isa = XCBuildConfiguration;
			buildSettings = {
				ASSETCATALOG_COMPILER_APPICON_NAME = AppIcon;
				ASSETCATALOG_COMPILER_GLOBAL_ACCENT_COLOR_NAME = AccentColor;
				CODE_SIGN_STYLE = Automatic;
				CURRENT_PROJECT_VERSION = 1;
				DEVELOPMENT_ASSET_PATHS = "\"Arithmetic/Preview Content\"";
				DEVELOPMENT_TEAM = 9QKL2L5T4G;
				ENABLE_PREVIEWS = YES;
				GENERATE_INFOPLIST_FILE = YES;
				INFOPLIST_KEY_UIApplicationSceneManifest_Generation = YES;
				INFOPLIST_KEY_UIApplicationSupportsIndirectInputEvents = YES;
				INFOPLIST_KEY_UILaunchScreen_Generation = YES;
				INFOPLIST_KEY_UISupportedInterfaceOrientations_iPad = "UIInterfaceOrientationPortrait UIInterfaceOrientationPortraitUpsideDown UIInterfaceOrientationLandscapeLeft UIInterfaceOrientationLandscapeRight";
				INFOPLIST_KEY_UISupportedInterfaceOrientations_iPhone = "UIInterfaceOrientationPortrait UIInterfaceOrientationLandscapeLeft UIInterfaceOrientationLandscapeRight";
				LD_RUNPATH_SEARCH_PATHS = (
					"$(inherited)",
					"@executable_path/Frameworks",
				);
				MARKETING_VERSION = 1.0;
				PRODUCT_BUNDLE_IDENTIFIER = com.ayush.mathgame;
				PRODUCT_NAME = "$(TARGET_NAME)";
				SWIFT_EMIT_LOC_STRINGS = YES;
				SWIFT_VERSION = 5.0;
				TARGETED_DEVICE_FAMILY = "1,2";
			};
			name = Release;
		};
		467926742B893603001B8C38 /* Debug */ = {
			isa = XCBuildConfiguration;
			buildSettings = {
				ALWAYS_EMBED_SWIFT_STANDARD_LIBRARIES = YES;
				BUNDLE_LOADER = "$(TEST_HOST)";
				CODE_SIGN_STYLE = Automatic;
				CURRENT_PROJECT_VERSION = 1;
				DEVELOPMENT_TEAM = Y2RR8WJ42S;
				GENERATE_INFOPLIST_FILE = YES;
				IPHONEOS_DEPLOYMENT_TARGET = 17.2;
				MARKETING_VERSION = 1.0;
				PRODUCT_BUNDLE_IDENTIFIER = company.ArithmeticTests;
				PRODUCT_NAME = "$(TARGET_NAME)";
				SWIFT_EMIT_LOC_STRINGS = NO;
				SWIFT_VERSION = 5.0;
				TARGETED_DEVICE_FAMILY = "1,2";
				TEST_HOST = "$(BUILT_PRODUCTS_DIR)/Arithmetic.app/$(BUNDLE_EXECUTABLE_FOLDER_PATH)/Arithmetic";
			};
			name = Debug;
		};
		467926752B893603001B8C38 /* Release */ = {
			isa = XCBuildConfiguration;
			buildSettings = {
				ALWAYS_EMBED_SWIFT_STANDARD_LIBRARIES = YES;
				BUNDLE_LOADER = "$(TEST_HOST)";
				CODE_SIGN_STYLE = Automatic;
				CURRENT_PROJECT_VERSION = 1;
				DEVELOPMENT_TEAM = Y2RR8WJ42S;
				GENERATE_INFOPLIST_FILE = YES;
				IPHONEOS_DEPLOYMENT_TARGET = 17.2;
				MARKETING_VERSION = 1.0;
				PRODUCT_BUNDLE_IDENTIFIER = company.ArithmeticTests;
				PRODUCT_NAME = "$(TARGET_NAME)";
				SWIFT_EMIT_LOC_STRINGS = NO;
				SWIFT_VERSION = 5.0;
				TARGETED_DEVICE_FAMILY = "1,2";
				TEST_HOST = "$(BUILT_PRODUCTS_DIR)/Arithmetic.app/$(BUNDLE_EXECUTABLE_FOLDER_PATH)/Arithmetic";
			};
			name = Release;
		};
		467926772B893603001B8C38 /* Debug */ = {
			isa = XCBuildConfiguration;
			buildSettings = {
				ALWAYS_EMBED_SWIFT_STANDARD_LIBRARIES = YES;
				CODE_SIGN_STYLE = Automatic;
				CURRENT_PROJECT_VERSION = 1;
				DEVELOPMENT_TEAM = Y2RR8WJ42S;
				GENERATE_INFOPLIST_FILE = YES;
				MARKETING_VERSION = 1.0;
				PRODUCT_BUNDLE_IDENTIFIER = company.ArithmeticUITests;
				PRODUCT_NAME = "$(TARGET_NAME)";
				SWIFT_EMIT_LOC_STRINGS = NO;
				SWIFT_VERSION = 5.0;
				TARGETED_DEVICE_FAMILY = "1,2";
				TEST_TARGET_NAME = Arithmetic;
			};
			name = Debug;
		};
		467926782B893603001B8C38 /* Release */ = {
			isa = XCBuildConfiguration;
			buildSettings = {
				ALWAYS_EMBED_SWIFT_STANDARD_LIBRARIES = YES;
				CODE_SIGN_STYLE = Automatic;
				CURRENT_PROJECT_VERSION = 1;
				DEVELOPMENT_TEAM = Y2RR8WJ42S;
				GENERATE_INFOPLIST_FILE = YES;
				MARKETING_VERSION = 1.0;
				PRODUCT_BUNDLE_IDENTIFIER = company.ArithmeticUITests;
				PRODUCT_NAME = "$(TARGET_NAME)";
				SWIFT_EMIT_LOC_STRINGS = NO;
				SWIFT_VERSION = 5.0;
				TARGETED_DEVICE_FAMILY = "1,2";
				TEST_TARGET_NAME = Arithmetic;
			};
			name = Release;
		};
/* End XCBuildConfiguration section */

/* Begin XCConfigurationList section */
		467926472B893601001B8C38 /* Build configuration list for PBXProject "Arithmetic" */ = {
			isa = XCConfigurationList;
			buildConfigurations = (
				4679266E2B893603001B8C38 /* Debug */,
				4679266F2B893603001B8C38 /* Release */,
			);
			defaultConfigurationIsVisible = 0;
			defaultConfigurationName = Release;
		};
		467926702B893603001B8C38 /* Build configuration list for PBXNativeTarget "Arithmetic" */ = {
			isa = XCConfigurationList;
			buildConfigurations = (
				467926712B893603001B8C38 /* Debug */,
				467926722B893603001B8C38 /* Release */,
			);
			defaultConfigurationIsVisible = 0;
			defaultConfigurationName = Release;
		};
		467926732B893603001B8C38 /* Build configuration list for PBXNativeTarget "ArithmeticTests" */ = {
			isa = XCConfigurationList;
			buildConfigurations = (
				467926742B893603001B8C38 /* Debug */,
				467926752B893603001B8C38 /* Release */,
			);
			defaultConfigurationIsVisible = 0;
			defaultConfigurationName = Release;
		};
		467926762B893603001B8C38 /* Build configuration list for PBXNativeTarget "ArithmeticUITests" */ = {
			isa = XCConfigurationList;
			buildConfigurations = (
				467926772B893603001B8C38 /* Debug */,
				467926782B893603001B8C38 /* Release */,
			);
			defaultConfigurationIsVisible = 0;
			defaultConfigurationName = Release;
		};
/* End XCConfigurationList section */
	};
	rootObject = 467926442B893601001B8C38 /* Project object */;
}
